
Microsoft Visual Studio Solution File, Format Version 12.00
# Visual Studio Version 16
VisualStudioVersion = 16.0.29025.244
MinimumVisualStudioVersion = 10.0.40219.1
Project("{FAE04EC0-301F-11D3-BF4B-00C04F79EFBC}") = "VideoClub", "VideoClub\VideoClub.csproj", "{6E080FD8-85B8-4A76-95C3-B2393C30B006}"
EndProject
Global
	GlobalSection(SolutionConfigurationPlatforms) = preSolution
		Debug|Any CPU = Debug|Any CPU
		Release|Any CPU = Release|Any CPU
	EndGlobalSection
	GlobalSection(ProjectConfigurationPlatforms) = postSolution
		{6E080FD8-85B8-4A76-95C3-B2393C30B006}.Debug|Any CPU.ActiveCfg = Debug|Any CPU
		{6E080FD8-85B8-4A76-95C3-B2393C30B006}.Debug|Any CPU.Build.0 = Debug|Any CPU
		{6E080FD8-85B8-4A76-95C3-B2393C30B006}.Release|Any CPU.ActiveCfg = Release|Any CPU
		{6E080FD8-85B8-4A76-95C3-B2393C30B006}.Release|Any CPU.Build.0 = Release|Any CPU
	EndGlobalSection
	GlobalSection(SolutionProperties) = preSolution
		HideSolutionNode = FALSE
	EndGlobalSection
	GlobalSection(ExtensibilityGlobals) = postSolution
		SolutionGuid = {FC7634AD-541E-4688-A59C-9BCCD4FB4B70}
	EndGlobalSection
EndGlobal
